
Microsoft Visual Studio Solution File, Format Version 12.00
# Visual Studio Version 17
VisualStudioVersion = 17.1.32421.90
MinimumVisualStudioVersion = 10.0.40219.1
Project("{FAE04EC0-301F-11D3-BF4B-00C04F79EFBC}") = "飲料點餐系統", "飲料點餐系統\飲料點餐系統.csproj", "{EDF6C315-9B94-42A9-80D0-DBD78F16C0B6}"
EndProject
Global
	GlobalSection(SolutionConfigurationPlatforms) = preSolution
		Debug|Any CPU = Debug|Any CPU
		Release|Any CPU = Release|Any CPU
	EndGlobalSection
	GlobalSection(ProjectConfigurationPlatforms) = postSolution
		{EDF6C315-9B94-42A9-80D0-DBD78F16C0B6}.Debug|Any CPU.ActiveCfg = Debug|Any CPU
		{EDF6C315-9B94-42A9-80D0-DBD78F16C0B6}.Debug|Any CPU.Build.0 = Debug|Any CPU
		{EDF6C315-9B94-42A9-80D0-DBD78F16C0B6}.Release|Any CPU.ActiveCfg = Release|Any CPU
		{EDF6C315-9B94-42A9-80D0-DBD78F16C0B6}.Release|Any CPU.Build.0 = Release|Any CPU
	EndGlobalSection
	GlobalSection(SolutionProperties) = preSolution
		HideSolutionNode = FALSE
	EndGlobalSection
	GlobalSection(ExtensibilityGlobals) = postSolution
		SolutionGuid = {B556EE33-2891-44C4-A283-E40904096A92}
	EndGlobalSection
EndGlobal
